
Microsoft Visual Studio Solution File, Format Version 12.00
# Visual Studio 15
VisualStudioVersion = 15.0.27703.2035
MinimumVisualStudioVersion = 10.0.40219.1
Project("{FAE04EC0-301F-11D3-BF4B-00C04F79EFBC}") = "ClassExample", "ClassExample\ClassExample.csproj", "{46AF8DA3-E047-4DE3-88D1-F69652300275}"
EndProject
Project("{FAE04EC0-301F-11D3-BF4B-00C04F79EFBC}") = "AutoMapper", "AutoMapper\AutoMapper.csproj", "{2AB4C9AA-8876-4B2A-817A-AF12E054BC9A}"
EndProject
Global
	GlobalSection(SolutionConfigurationPlatforms) = preSolution
		Debug|Any CPU = Debug|Any CPU
		Release|Any CPU = Release|Any CPU
	EndGlobalSection
	GlobalSection(ProjectConfigurationPlatforms) = postSolution
		{46AF8DA3-E047-4DE3-88D1-F69652300275}.Debug|Any CPU.ActiveCfg = Debug|Any CPU
		{46AF8DA3-E047-4DE3-88D1-F69652300275}.Debug|Any CPU.Build.0 = Debug|Any CPU
		{46AF8DA3-E047-4DE3-88D1-F69652300275}.Release|Any CPU.ActiveCfg = Release|Any CPU
		{46AF8DA3-E047-4DE3-88D1-F69652300275}.Release|Any CPU.Build.0 = Release|Any CPU
		{2AB4C9AA-8876-4B2A-817A-AF12E054BC9A}.Debug|Any CPU.ActiveCfg = Debug|Any CPU
		{2AB4C9AA-8876-4B2A-817A-AF12E054BC9A}.Debug|Any CPU.Build.0 = Debug|Any CPU
		{2AB4C9AA-8876-4B2A-817A-AF12E054BC9A}.Release|Any CPU.ActiveCfg = Release|Any CPU
		{2AB4C9AA-8876-4B2A-817A-AF12E054BC9A}.Release|Any CPU.Build.0 = Release|Any CPU
	EndGlobalSection
	GlobalSection(SolutionProperties) = preSolution
		HideSolutionNode = FALSE
	EndGlobalSection
	GlobalSection(ExtensibilityGlobals) = postSolution
		SolutionGuid = {D56A74DE-A6F4-4EF5-8B3B-DC6EE24306CF}
	EndGlobalSection
EndGlobal
