
Microsoft Visual Studio Solution File, Format Version 12.00
# Visual Studio 15
VisualStudioVersion = 15.0.27703.2035
MinimumVisualStudioVersion = 10.0.40219.1
Project("{FAE04EC0-301F-11D3-BF4B-00C04F79EFBC}") = "Reflection", "Reflection\Reflection.csproj", "{972434DC-3238-449A-BCBA-F968C00D6464}"
EndProject
Project("{FAE04EC0-301F-11D3-BF4B-00C04F79EFBC}") = "AutoMapper", "AutoMapper\AutoMapper.csproj", "{90AC2700-44B2-4827-9F90-ED41FA4FBD2A}"
EndProject
Global
	GlobalSection(SolutionConfigurationPlatforms) = preSolution
		Debug|Any CPU = Debug|Any CPU
		Release|Any CPU = Release|Any CPU
	EndGlobalSection
	GlobalSection(ProjectConfigurationPlatforms) = postSolution
		{972434DC-3238-449A-BCBA-F968C00D6464}.Debug|Any CPU.ActiveCfg = Debug|Any CPU
		{972434DC-3238-449A-BCBA-F968C00D6464}.Debug|Any CPU.Build.0 = Debug|Any CPU
		{972434DC-3238-449A-BCBA-F968C00D6464}.Release|Any CPU.ActiveCfg = Release|Any CPU
		{972434DC-3238-449A-BCBA-F968C00D6464}.Release|Any CPU.Build.0 = Release|Any CPU
		{90AC2700-44B2-4827-9F90-ED41FA4FBD2A}.Debug|Any CPU.ActiveCfg = Debug|Any CPU
		{90AC2700-44B2-4827-9F90-ED41FA4FBD2A}.Debug|Any CPU.Build.0 = Debug|Any CPU
		{90AC2700-44B2-4827-9F90-ED41FA4FBD2A}.Release|Any CPU.ActiveCfg = Release|Any CPU
		{90AC2700-44B2-4827-9F90-ED41FA4FBD2A}.Release|Any CPU.Build.0 = Release|Any CPU
	EndGlobalSection
	GlobalSection(SolutionProperties) = preSolution
		HideSolutionNode = FALSE
	EndGlobalSection
	GlobalSection(ExtensibilityGlobals) = postSolution
		SolutionGuid = {D56A74DE-A6F4-4EF5-8B3B-DC6EE24306CF}
	EndGlobalSection
EndGlobal
